
Microsoft Visual Studio Solution File, Format Version 12.00
# Visual Studio Version 16
VisualStudioVersion = 25.0.1706.7
MinimumVisualStudioVersion = 10.0.40219.1
Project("{FAE04EC0-301F-11D3-BF4B-00C04F79EFBC}") = "TestAPI", "TestAPI\TestAPI.csproj", "{4E379A4D-E730-4186-8521-64A6579232F8}"
EndProject
Global
	GlobalSection(SolutionConfigurationPlatforms) = preSolution
		Debug|Any CPU = Debug|Any CPU
		Release|Any CPU = Release|Any CPU
	EndGlobalSection
	GlobalSection(ProjectConfigurationPlatforms) = postSolution
		{4E379A4D-E730-4186-8521-64A6579232F8}.Debug|Any CPU.ActiveCfg = Debug|Any CPU
		{4E379A4D-E730-4186-8521-64A6579232F8}.Debug|Any CPU.Build.0 = Debug|Any CPU
		{4E379A4D-E730-4186-8521-64A6579232F8}.Release|Any CPU.ActiveCfg = Release|Any CPU
		{4E379A4D-E730-4186-8521-64A6579232F8}.Release|Any CPU.Build.0 = Release|Any CPU
	EndGlobalSection
	GlobalSection(SolutionProperties) = preSolution
		HideSolutionNode = FALSE
	EndGlobalSection
	GlobalSection(ExtensibilityGlobals) = postSolution
		SolutionGuid = {CEB914A2-F42C-4DB1-AB9B-2FD90C382265}
	EndGlobalSection
EndGlobal
